// !$*UTF8*$!
{
	archiveVersion = 1;
	classes = {
	};
	objectVersion = 77;
	objects = {

/* Begin PBXBuildFile section */
		390E3C652E69745100A24F1C /* HotKey in Frameworks */ = {isa = PBXBuildFile; productRef = 390E3C642E69745100A24F1C /* HotKey */; };
/* End PBXBuildFile section */

/* Begin PBXContainerItemProxy section */
		395D1A422E667B1F007FD436 /* PBXContainerItemProxy */ = {
			isa = PBXContainerItemProxy;
			containerPortal = 395D1A2B2E667B1E007FD436 /* Project object */;
			proxyType = 1;
			remoteGlobalIDString = 395D1A322E667B1E007FD436;
			remoteInfo = MarkdownConverter;
		};
		395D1A4C2E667B1F007FD436 /* PBXContainerItemProxy */ = {
			isa = PBXContainerItemProxy;
			containerPortal = 395D1A2B2E667B1E007FD436 /* Project object */;
			proxyType = 1;
			remoteGlobalIDString = 395D1A322E667B1E007FD436;
			remoteInfo = MarkdownConverter;
		};
/* End PBXContainerItemProxy section */

/* Begin PBXFileReference section */
		395D1A332E667B1E007FD436 /* MarkdownConverter.app */ = {isa = PBXFileReference; explicitFileType = wrapper.application; includeInIndex = 0; path = MarkdownConverter.app; sourceTree = BUILT_PRODUCTS_DIR; };
		395D1A412E667B1F007FD436 /* MarkdownConverterTests.xctest */ = {isa = PBXFileReference; explicitFileType = wrapper.cfbundle; includeInIndex = 0; path = MarkdownConverterTests.xctest; sourceTree = BUILT_PRODUCTS_DIR; };
		395D1A4B2E667B1F007FD436 /* MarkdownConverterUITests.xctest */ = {isa = PBXFileReference; explicitFileType = wrapper.cfbundle; includeInIndex = 0; path = MarkdownConverterUITests.xctest; sourceTree = BUILT_PRODUCTS_DIR; };
/* End PBXFileReference section */

/* Begin PBXFileSystemSynchronizedBuildFileExceptionSet section */
		395D1A6C2E66D639007FD436 /* Exceptions for "MarkdownConverter" folder in "MarkdownConverter" target */ = {
			isa = PBXFileSystemSynchronizedBuildFileExceptionSet;
			membershipExceptions = (
				Info.plist,
			);
			target = 395D1A322E667B1E007FD436 /* MarkdownConverter */;
		};
/* End PBXFileSystemSynchronizedBuildFileExceptionSet section */

/* Begin PBXFileSystemSynchronizedRootGroup section */
		395D1A352E667B1E007FD436 /* MarkdownConverter */ = {
			isa = PBXFileSystemSynchronizedRootGroup;
			exceptions = (
				395D1A6C2E66D639007FD436 /* Exceptions for "MarkdownConverter" folder in "MarkdownConverter" target */,
			);
			path = MarkdownConverter;
			sourceTree = "<group>";
		};
		395D1A442E667B1F007FD436 /* MarkdownConverterTests */ = {
			isa = PBXFileSystemSynchronizedRootGroup;
			path = MarkdownConverterTests;
			sourceTree = "<group>";
		};
		395D1A4E2E667B1F007FD436 /* MarkdownConverterUITests */ = {
			isa = PBXFileSystemSynchronizedRootGroup;
			path = MarkdownConverterUITests;
			sourceTree = "<group>";
		};
/* End PBXFileSystemSynchronizedRootGroup section */

/* Begin PBXFrameworksBuildPhase section */
		395D1A302E667B1E007FD436 /* Frameworks */ = {
			isa = PBXFrameworksBuildPhase;
			buildActionMask = 2147483647;
			files = (
				390E3C652E69745100A24F1C /* HotKey in Frameworks */,
			);
			runOnlyForDeploymentPostprocessing = 0;
		};
		395D1A3E2E667B1F007FD436 /* Frameworks */ = {
			isa = PBXFrameworksBuildPhase;
			buildActionMask = 2147483647;
			files = (
			);
			runOnlyForDeploymentPostprocessing = 0;
		};
		395D1A482E667B1F007FD436 /* Frameworks */ = {
			isa = PBXFrameworksBuildPhase;
			buildActionMask = 2147483647;
			files = (
			);
			runOnlyForDeploymentPostprocessing = 0;
		};
/* End PBXFrameworksBuildPhase section */

/* Begin PBXGroup section */
		395D1A2A2E667B1E007FD436 = {
			isa = PBXGroup;
			children = (
				395D1A352E667B1E007FD436 /* MarkdownConverter */,
				395D1A442E667B1F007FD436 /* MarkdownConverterTests */,
				395D1A4E2E667B1F007FD436 /* MarkdownConverterUITests */,
				395D1A342E667B1E007FD436 /* Products */,
			);
			sourceTree = "<group>";
		};
		395D1A342E667B1E007FD436 /* Products */ = {
			isa = PBXGroup;
			children = (
				395D1A332E667B1E007FD436 /* MarkdownConverter.app */,
				395D1A412E667B1F007FD436 /* MarkdownConverterTests.xctest */,
				395D1A4B2E667B1F007FD436 /* MarkdownConverterUITests.xctest */,
			);
			name = Products;
			sourceTree = "<group>";
		};
/* End PBXGroup section */

/* Begin PBXNativeTarget section */
		395D1A322E667B1E007FD436 /* MarkdownConverter */ = {
			isa = PBXNativeTarget;
			buildConfigurationList = 395D1A552E667B1F007FD436 /* Build configuration list for PBXNativeTarget "MarkdownConverter" */;
			buildPhases = (
				395D1A2F2E667B1E007FD436 /* Sources */,
				395D1A302E667B1E007FD436 /* Frameworks */,
				395D1A312E667B1E007FD436 /* Resources */,
			);
			buildRules = (
			);
			dependencies = (
			);
			fileSystemSynchronizedGroups = (
				395D1A352E667B1E007FD436 /* MarkdownConverter */,
			);
			name = MarkdownConverter;
			packageProductDependencies = (
				390E3C642E69745100A24F1C /* HotKey */,
			);
			productName = MarkdownConverter;
			productReference = 395D1A332E667B1E007FD436 /* MarkdownConverter.app */;
			productType = "com.apple.product-type.application";
		};
		395D1A402E667B1F007FD436 /* MarkdownConverterTests */ = {
			isa = PBXNativeTarget;
			buildConfigurationList = 395D1A582E667B1F007FD436 /* Build configuration list for PBXNativeTarget "MarkdownConverterTests" */;
			buildPhases = (
				395D1A3D2E667B1F007FD436 /* Sources */,
				395D1A3E2E667B1F007FD436 /* Frameworks */,
				395D1A3F2E667B1F007FD436 /* Resources */,
			);
			buildRules = (
			);
			dependencies = (
				395D1A432E667B1F007FD436 /* PBXTargetDependency */,
			);
			fileSystemSynchronizedGroups = (
				395D1A442E667B1F007FD436 /* MarkdownConverterTests */,
			);
			name = MarkdownConverterTests;
			packageProductDependencies = (
			);
			productName = MarkdownConverterTests;
			productReference = 395D1A412E667B1F007FD436 /* MarkdownConverterTests.xctest */;
			productType = "com.apple.product-type.bundle.unit-test";
		};
		395D1A4A2E667B1F007FD436 /* MarkdownConverterUITests */ = {
			isa = PBXNativeTarget;
			buildConfigurationList = 395D1A5B2E667B1F007FD436 /* Build configuration list for PBXNativeTarget "MarkdownConverterUITests" */;
			buildPhases = (
				395D1A472E667B1F007FD436 /* Sources */,
				395D1A482E667B1F007FD436 /* Frameworks */,
				395D1A492E667B1F007FD436 /* Resources */,
			);
			buildRules = (
			);
			dependencies = (
				395D1A4D2E667B1F007FD436 /* PBXTargetDependency */,
			);
			fileSystemSynchronizedGroups = (
				395D1A4E2E667B1F007FD436 /* MarkdownConverterUITests */,
			);
			name = MarkdownConverterUITests;
			packageProductDependencies = (
			);
			productName = MarkdownConverterUITests;
			productReference = 395D1A4B2E667B1F007FD436 /* MarkdownConverterUITests.xctest */;
			productType = "com.apple.product-type.bundle.ui-testing";
		};
/* End PBXNativeTarget section */

/* Begin PBXProject section */
		395D1A2B2E667B1E007FD436 /* Project object */ = {
			isa = PBXProject;
			attributes = {
				BuildIndependentTargetsInParallel = 1;
				LastSwiftUpdateCheck = 1640;
				LastUpgradeCheck = 1640;
				TargetAttributes = {
					395D1A322E667B1E007FD436 = {
						CreatedOnToolsVersion = 16.4;
					};
					395D1A402E667B1F007FD436 = {
						CreatedOnToolsVersion = 16.4;
						TestTargetID = 395D1A322E667B1E007FD436;
					};
					395D1A4A2E667B1F007FD436 = {
						CreatedOnToolsVersion = 16.4;
						TestTargetID = 395D1A322E667B1E007FD436;
					};
				};
			};
			buildConfigurationList = 395D1A2E2E667B1E007FD436 /* Build configuration list for PBXProject "MarkdownConverter" */;
			developmentRegion = en;
			hasScannedForEncodings = 0;
			knownRegions = (
				en,
				Base,
			);
			mainGroup = 395D1A2A2E667B1E007FD436;
			minimizedProjectReferenceProxies = 1;
			packageReferences = (
				390E3C632E69745100A24F1C /* XCRemoteSwiftPackageReference "HotKey" */,
			);
			preferredProjectObjectVersion = 77;
			productRefGroup = 395D1A342E667B1E007FD436 /* Products */;
			projectDirPath = "";
			projectRoot = "";
			targets = (
				395D1A322E667B1E007FD436 /* MarkdownConverter */,
				395D1A402E667B1F007FD436 /* MarkdownConverterTests */,
				395D1A4A2E667B1F007FD436 /* MarkdownConverterUITests */,
			);
		};
/* End PBXProject section */

/* Begin PBXResourcesBuildPhase section */
		395D1A312E667B1E007FD436 /* Resources */ = {
			isa = PBXResourcesBuildPhase;
			buildActionMask = 2147483647;
			files = (
			);
			runOnlyForDeploymentPostprocessing = 0;
		};
		395D1A3F2E667B1F007FD436 /* Resources */ = {
			isa = PBXResourcesBuildPhase;
			buildActionMask = 2147483647;
			files = (
			);
			runOnlyForDeploymentPostprocessing = 0;
		};
		395D1A492E667B1F007FD436 /* Resources */ = {
			isa = PBXResourcesBuildPhase;
			buildActionMask = 2147483647;
			files = (
			);
			runOnlyForDeploymentPostprocessing = 0;
		};
/* End PBXResourcesBuildPhase section */

/* Begin PBXSourcesBuildPhase section */
		395D1A2F2E667B1E007FD436 /* Sources */ = {
			isa = PBXSourcesBuildPhase;
			buildActionMask = 2147483647;
			files = (
			);
			runOnlyForDeploymentPostprocessing = 0;
		};
		395D1A3D2E667B1F007FD436 /* Sources */ = {
			isa = PBXSourcesBuildPhase;
			buildActionMask = 2147483647;
			files = (
			);
			runOnlyForDeploymentPostprocessing = 0;
		};
		395D1A472E667B1F007FD436 /* Sources */ = {
			isa = PBXSourcesBuildPhase;
			buildActionMask = 2147483647;
			files = (
			);
			runOnlyForDeploymentPostprocessing = 0;
		};
/* End PBXSourcesBuildPhase section */

/* Begin PBXTargetDependency section */
		395D1A432E667B1F007FD436 /* PBXTargetDependency */ = {
			isa = PBXTargetDependency;
			target = 395D1A322E667B1E007FD436 /* MarkdownConverter */;
			targetProxy = 395D1A422E667B1F007FD436 /* PBXContainerItemProxy */;
		};
		395D1A4D2E667B1F007FD436 /* PBXTargetDependency */ = {
			isa = PBXTargetDependency;
			target = 395D1A322E667B1E007FD436 /* MarkdownConverter */;
			targetProxy = 395D1A4C2E667B1F007FD436 /* PBXContainerItemProxy */;
		};
/* End PBXTargetDependency section */

/* Begin XCBuildConfiguration section */
		395D1A532E667B1F007FD436 /* Debug */ = {
			isa = XCBuildConfiguration;
			buildSettings = {
				ALWAYS_SEARCH_USER_PATHS = NO;
				ASSETCATALOG_COMPILER_GENERATE_SWIFT_ASSET_SYMBOL_EXTENSIONS = YES;
				CLANG_ANALYZER_NONNULL = YES;
				CLANG_ANALYZER_NUMBER_OBJECT_CONVERSION = YES_AGGRESSIVE;
				CLANG_CXX_LANGUAGE_STANDARD = "gnu++20";
				CLANG_ENABLE_MODULES = YES;
				CLANG_ENABLE_OBJC_ARC = YES;
				CLANG_ENABLE_OBJC_WEAK = YES;
				CLANG_WARN_BLOCK_CAPTURE_AUTORELEASING = YES;
				CLANG_WARN_BOOL_CONVERSION = YES;
				CLANG_WARN_COMMA = YES;
				CLANG_WARN_CONSTANT_CONVERSION = YES;
				CLANG_WARN_DEPRECATED_OBJC_IMPLEMENTATIONS = YES;
				CLANG_WARN_DIRECT_OBJC_ISA_USAGE = YES_ERROR;
				CLANG_WARN_DOCUMENTATION_COMMENTS = YES;
				CLANG_WARN_EMPTY_BODY = YES;
				CLANG_WARN_ENUM_CONVERSION = YES;
				CLANG_WARN_INFINITE_RECURSION = YES;
				CLANG_WARN_INT_CONVERSION = YES;
				CLANG_WARN_NON_LITERAL_NULL_CONVERSION = YES;
				CLANG_WARN_OBJC_IMPLICIT_RETAIN_SELF = YES;
				CLANG_WARN_OBJC_LITERAL_CONVERSION = YES;
				CLANG_WARN_OBJC_ROOT_CLASS = YES_ERROR;
				CLANG_WARN_QUOTED_INCLUDE_IN_FRAMEWORK_HEADER = YES;
				CLANG_WARN_RANGE_LOOP_ANALYSIS = YES;
				CLANG_WARN_STRICT_PROTOTYPES = YES;
				CLANG_WARN_SUSPICIOUS_MOVE = YES;
				CLANG_WARN_UNGUARDED_AVAILABILITY = YES_AGGRESSIVE;
				CLANG_WARN_UNREACHABLE_CODE = YES;
				CLANG_WARN__DUPLICATE_METHOD_MATCH = YES;
				COPY_PHASE_STRIP = NO;
				DEBUG_INFORMATION_FORMAT = dwarf;
				ENABLE_STRICT_OBJC_MSGSEND = YES;
				ENABLE_TESTABILITY = YES;
				ENABLE_USER_SCRIPT_SANDBOXING = YES;
				GCC_C_LANGUAGE_STANDARD = gnu17;
				GCC_DYNAMIC_NO_PIC = NO;
				GCC_NO_COMMON_BLOCKS = YES;
				GCC_OPTIMIZATION_LEVEL = 0;
				GCC_PREPROCESSOR_DEFINITIONS = (
					"DEBUG=1",
					"$(inherited)",
				);
				GCC_WARN_64_TO_32_BIT_CONVERSION = YES;
				GCC_WARN_ABOUT_RETURN_TYPE = YES_ERROR;
				GCC_WARN_UNDECLARED_SELECTOR = YES;
				GCC_WARN_UNINITIALIZED_AUTOS = YES_AGGRESSIVE;
				GCC_WARN_UNUSED_FUNCTION = YES;
				GCC_WARN_UNUSED_VARIABLE = YES;
				LOCALIZATION_PREFERS_STRING_CATALOGS = YES;
				MACOSX_DEPLOYMENT_TARGET = 15.4;
				MTL_ENABLE_DEBUG_INFO = INCLUDE_SOURCE;
				MTL_FAST_MATH = YES;
				ONLY_ACTIVE_ARCH = YES;
				SDKROOT = macosx;
				SWIFT_ACTIVE_COMPILATION_CONDITIONS = "DEBUG $(inherited)";
				SWIFT_OPTIMIZATION_LEVEL = "-Onone";
			};
			name = Debug;
		};
		395D1A542E667B1F007FD436 /* Release */ = {
			isa = XCBuildConfiguration;
			buildSettings = {
				ALWAYS_SEARCH_USER_PATHS = NO;
				ASSETCATALOG_COMPILER_GENERATE_SWIFT_ASSET_SYMBOL_EXTENSIONS = YES;
				CLANG_ANALYZER_NONNULL = YES;
				CLANG_ANALYZER_NUMBER_OBJECT_CONVERSION = YES_AGGRESSIVE;
				CLANG_CXX_LANGUAGE_STANDARD = "gnu++20";
				CLANG_ENABLE_MODULES = YES;
				CLANG_ENABLE_OBJC_ARC = YES;
				CLANG_ENABLE_OBJC_WEAK = YES;
				CLANG_WARN_BLOCK_CAPTURE_AUTORELEASING = YES;
				CLANG_WARN_BOOL_CONVERSION = YES;
				CLANG_WARN_COMMA = YES;
				CLANG_WARN_CONSTANT_CONVERSION = YES;
				CLANG_WARN_DEPRECATED_OBJC_IMPLEMENTATIONS = YES;
				CLANG_WARN_DIRECT_OBJC_ISA_USAGE = YES_ERROR;
				CLANG_WARN_DOCUMENTATION_COMMENTS = YES;
				CLANG_WARN_EMPTY_BODY = YES;
				CLANG_WARN_ENUM_CONVERSION = YES;
				CLANG_WARN_INFINITE_RECURSION = YES;
				CLANG_WARN_INT_CONVERSION = YES;
				CLANG_WARN_NON_LITERAL_NULL_CONVERSION = YES;
				CLANG_WARN_OBJC_IMPLICIT_RETAIN_SELF = YES;
				CLANG_WARN_OBJC_LITERAL_CONVERSION = YES;
				CLANG_WARN_OBJC_ROOT_CLASS = YES_ERROR;
				CLANG_WARN_QUOTED_INCLUDE_IN_FRAMEWORK_HEADER = YES;
				CLANG_WARN_RANGE_LOOP_ANALYSIS = YES;
				CLANG_WARN_STRICT_PROTOTYPES = YES;
				CLANG_WARN_SUSPICIOUS_MOVE = YES;
				CLANG_WARN_UNGUARDED_AVAILABILITY = YES_AGGRESSIVE;
				CLANG_WARN_UNREACHABLE_CODE = YES;
				CLANG_WARN__DUPLICATE_METHOD_MATCH = YES;
				COPY_PHASE_STRIP = NO;
				DEBUG_INFORMATION_FORMAT = "dwarf-with-dsym";
				ENABLE_NS_ASSERTIONS = NO;
				ENABLE_STRICT_OBJC_MSGSEND = YES;
				ENABLE_USER_SCRIPT_SANDBOXING = YES;
				GCC_C_LANGUAGE_STANDARD = gnu17;
				GCC_NO_COMMON_BLOCKS = YES;
				GCC_WARN_64_TO_32_BIT_CONVERSION = YES;
				GCC_WARN_ABOUT_RETURN_TYPE = YES_ERROR;
				GCC_WARN_UNDECLARED_SELECTOR = YES;
				GCC_WARN_UNINITIALIZED_AUTOS = YES_AGGRESSIVE;
				GCC_WARN_UNUSED_FUNCTION = YES;
				GCC_WARN_UNUSED_VARIABLE = YES;
				LOCALIZATION_PREFERS_STRING_CATALOGS = YES;
				MACOSX_DEPLOYMENT_TARGET = 15.4;
				MTL_ENABLE_DEBUG_INFO = NO;
				MTL_FAST_MATH = YES;
				SDKROOT = macosx;
				SWIFT_COMPILATION_MODE = wholemodule;
			};
			name = Release;
		};
		395D1A562E667B1F007FD436 /* Debug */ = {
			isa = XCBuildConfiguration;
			buildSettings = {
				ASSETCATALOG_COMPILER_APPICON_NAME = AppIcon;
				ASSETCATALOG_COMPILER_GLOBAL_ACCENT_COLOR_NAME = AccentColor;
				ASSETCATALOG_COMPILER_INCLUDE_ALL_APPICON_ASSETS = NO;
				CODE_SIGN_ENTITLEMENTS = MarkdownConverter/MarkdownConverter.entitlements;
				CODE_SIGN_STYLE = Automatic;
				COMBINE_HIDPI_IMAGES = YES;
				CURRENT_PROJECT_VERSION = 1;
				ENABLE_PREVIEWS = YES;
				GENERATE_INFOPLIST_FILE = YES;
				INFOPLIST_FILE = MarkdownConverter/Info.plist;
				INFOPLIST_KEY_CFBundleDisplayName = "";
				INFOPLIST_KEY_LSApplicationCategoryType = "";
				INFOPLIST_KEY_LSUIElement = YES;
				INFOPLIST_KEY_NSHumanReadableCopyright = "";
				LD_RUNPATH_SEARCH_PATHS = (
					"$(inherited)",
					"@executable_path/../Frameworks",
				);
				MARKETING_VERSION = 1.0;
				PRODUCT_BUNDLE_IDENTIFIER = "-C2d2cS-DMaECkZ2r--y0Qc-u-4B-Lt4--APoW3.MarkdownConverter";
				PRODUCT_NAME = "$(TARGET_NAME)";
				REGISTER_APP_GROUPS = YES;
				SWIFT_EMIT_LOC_STRINGS = YES;
				SWIFT_VERSION = 5.0;
			};
			name = Debug;
		};
		395D1A572E667B1F007FD436 /* Release */ = {
			isa = XCBuildConfiguration;
			buildSettings = {
				ASSETCATALOG_COMPILER_APPICON_NAME = AppIcon;
				ASSETCATALOG_COMPILER_GLOBAL_ACCENT_COLOR_NAME = AccentColor;
				ASSETCATALOG_COMPILER_INCLUDE_ALL_APPICON_ASSETS = NO;
				CODE_SIGN_ENTITLEMENTS = MarkdownConverter/MarkdownConverter.entitlements;
				CODE_SIGN_STYLE = Automatic;
				COMBINE_HIDPI_IMAGES = YES;
				CURRENT_PROJECT_VERSION = 1;
				ENABLE_PREVIEWS = YES;
				GENERATE_INFOPLIST_FILE = YES;
				INFOPLIST_FILE = MarkdownConverter/Info.plist;
				INFOPLIST_KEY_CFBundleDisplayName = "";
				INFOPLIST_KEY_LSApplicationCategoryType = "";
				INFOPLIST_KEY_LSUIElement = YES;
				INFOPLIST_KEY_NSHumanReadableCopyright = "";
				LD_RUNPATH_SEARCH_PATHS = (
					"$(inherited)",
					"@executable_path/../Frameworks",
				);
				MARKETING_VERSION = 1.0;
				PRODUCT_BUNDLE_IDENTIFIER = "-C2d2cS-DMaECkZ2r--y0Qc-u-4B-Lt4--APoW3.MarkdownConverter";
				PRODUCT_NAME = "$(TARGET_NAME)";
				REGISTER_APP_GROUPS = YES;
				SWIFT_EMIT_LOC_STRINGS = YES;
				SWIFT_VERSION = 5.0;
			};
			name = Release;
		};
		395D1A592E667B1F007FD436 /* Debug */ = {
			isa = XCBuildConfiguration;
			buildSettings = {
				BUNDLE_LOADER = "$(TEST_HOST)";
				CODE_SIGN_STYLE = Automatic;
				CURRENT_PROJECT_VERSION = 1;
				GENERATE_INFOPLIST_FILE = YES;
				MACOSX_DEPLOYMENT_TARGET = 15.4;
				MARKETING_VERSION = 1.0;
				PRODUCT_BUNDLE_IDENTIFIER = "-C2d2cS-DMaECkZ2r--y0Qc-u-4B-Lt4--APoW3.MarkdownConverterTests";
				PRODUCT_NAME = "$(TARGET_NAME)";
				SWIFT_EMIT_LOC_STRINGS = NO;
				SWIFT_VERSION = 5.0;
				TEST_HOST = "$(BUILT_PRODUCTS_DIR)/MarkdownConverter.app/$(BUNDLE_EXECUTABLE_FOLDER_PATH)/MarkdownConverter";
			};
			name = Debug;
		};
		395D1A5A2E667B1F007FD436 /* Release */ = {
			isa = XCBuildConfiguration;
			buildSettings = {
				BUNDLE_LOADER = "$(TEST_HOST)";
				CODE_SIGN_STYLE = Automatic;
				CURRENT_PROJECT_VERSION = 1;
				GENERATE_INFOPLIST_FILE = YES;
				MACOSX_DEPLOYMENT_TARGET = 15.4;
				MARKETING_VERSION = 1.0;
				PRODUCT_BUNDLE_IDENTIFIER = "-C2d2cS-DMaECkZ2r--y0Qc-u-4B-Lt4--APoW3.MarkdownConverterTests";
				PRODUCT_NAME = "$(TARGET_NAME)";
				SWIFT_EMIT_LOC_STRINGS = NO;
				SWIFT_VERSION = 5.0;
				TEST_HOST = "$(BUILT_PRODUCTS_DIR)/MarkdownConverter.app/$(BUNDLE_EXECUTABLE_FOLDER_PATH)/MarkdownConverter";
			};
			name = Release;
		};
		395D1A5C2E667B1F007FD436 /* Debug */ = {
			isa = XCBuildConfiguration;
			buildSettings = {
				CODE_SIGN_STYLE = Automatic;
				CURRENT_PROJECT_VERSION = 1;
				GENERATE_INFOPLIST_FILE = YES;
				MARKETING_VERSION = 1.0;
				PRODUCT_BUNDLE_IDENTIFIER = "-C2d2cS-DMaECkZ2r--y0Qc-u-4B-Lt4--APoW3.MarkdownConverterUITests";
				PRODUCT_NAME = "$(TARGET_NAME)";
				SWIFT_EMIT_LOC_STRINGS = NO;
				SWIFT_VERSION = 5.0;
				TEST_TARGET_NAME = MarkdownConverter;
			};
			name = Debug;
		};
		395D1A5D2E667B1F007FD436 /* Release */ = {
			isa = XCBuildConfiguration;
			buildSettings = {
				CODE_SIGN_STYLE = Automatic;
				CURRENT_PROJECT_VERSION = 1;
				GENERATE_INFOPLIST_FILE = YES;
				MARKETING_VERSION = 1.0;
				PRODUCT_BUNDLE_IDENTIFIER = "-C2d2cS-DMaECkZ2r--y0Qc-u-4B-Lt4--APoW3.MarkdownConverterUITests";
				PRODUCT_NAME = "$(TARGET_NAME)";
				SWIFT_EMIT_LOC_STRINGS = NO;
				SWIFT_VERSION = 5.0;
				TEST_TARGET_NAME = MarkdownConverter;
			};
			name = Release;
		};
/* End XCBuildConfiguration section */

/* Begin XCConfigurationList section */
		395D1A2E2E667B1E007FD436 /* Build configuration list for PBXProject "MarkdownConverter" */ = {
			isa = XCConfigurationList;
			buildConfigurations = (
				395D1A532E667B1F007FD436 /* Debug */,
				395D1A542E667B1F007FD436 /* Release */,
			);
			defaultConfigurationIsVisible = 0;
			defaultConfigurationName = Release;
		};
		395D1A552E667B1F007FD436 /* Build configuration list for PBXNativeTarget "MarkdownConverter" */ = {
			isa = XCConfigurationList;
			buildConfigurations = (
				395D1A562E667B1F007FD436 /* Debug */,
				395D1A572E667B1F007FD436 /* Release */,
			);
			defaultConfigurationIsVisible = 0;
			defaultConfigurationName = Release;
		};
		395D1A582E667B1F007FD436 /* Build configuration list for PBXNativeTarget "MarkdownConverterTests" */ = {
			isa = XCConfigurationList;
			buildConfigurations = (
				395D1A592E667B1F007FD436 /* Debug */,
				395D1A5A2E667B1F007FD436 /* Release */,
			);
			defaultConfigurationIsVisible = 0;
			defaultConfigurationName = Release;
		};
		395D1A5B2E667B1F007FD436 /* Build configuration list for PBXNativeTarget "MarkdownConverterUITests" */ = {
			isa = XCConfigurationList;
			buildConfigurations = (
				395D1A5C2E667B1F007FD436 /* Debug */,
				395D1A5D2E667B1F007FD436 /* Release */,
			);
			defaultConfigurationIsVisible = 0;
			defaultConfigurationName = Release;
		};
/* End XCConfigurationList section */

/* Begin XCRemoteSwiftPackageReference section */
		390E3C632E69745100A24F1C /* XCRemoteSwiftPackageReference "HotKey" */ = {
			isa = XCRemoteSwiftPackageReference;
			repositoryURL = "https://github.com/soffes/HotKey";
			requirement = {
				branch = main;
				kind = branch;
			};
		};
/* End XCRemoteSwiftPackageReference section */

/* Begin XCSwiftPackageProductDependency section */
		390E3C642E69745100A24F1C /* HotKey */ = {
			isa = XCSwiftPackageProductDependency;
			package = 390E3C632E69745100A24F1C /* XCRemoteSwiftPackageReference "HotKey" */;
			productName = HotKey;
		};
/* End XCSwiftPackageProductDependency section */
	};
	rootObject = 395D1A2B2E667B1E007FD436 /* Project object */;
}
